
Microsoft Visual Studio Solution File, Format Version 12.00
# Visual Studio Version 17
VisualStudioVersion = 17.0.31903.59
MinimumVisualStudioVersion = 10.0.40219.1
Project("{2150E333-8FDC-42A3-9474-1A3956D46DE8}") = "src", "src", "{80BDA433-3C35-46C3-AA73-8EADE504FB24}"
EndProject
Project("{2150E333-8FDC-42A3-9474-1A3956D46DE8}") = "Domain", "Domain", "{F7A6B594-37FA-4A6B-9A87-CB9D764F4C4C}"
EndProject
Project("{FAE04EC0-301F-11D3-BF4B-00C04F79EFBC}") = "BNP.NYBOSS.WorkflowManager.Domain", "src\Domain\BNP.NYBOSS.WorkflowManager.Domain\BNP.NYBOSS.WorkflowManager.Domain.csproj", "{6F0B2210-6E0D-4E87-B39B-276CCCB6423C}"
EndProject
Project("{2150E333-8FDC-42A3-9474-1A3956D46DE8}") = "Application", "Application", "{F90DA725-E9B8-4BF7-820D-C52A9DDDD69F}"
EndProject
Project("{FAE04EC0-301F-11D3-BF4B-00C04F79EFBC}") = "BNP.NYBOSS.WorkflowManager.Application", "src\Application\BNP.NYBOSS.WorkflowManager.Application\BNP.NYBOSS.WorkflowManager.Application.csproj", "{74448697-92B4-4E56-8794-5D853CC66479}"
EndProject
Project("{2150E333-8FDC-42A3-9474-1A3956D46DE8}") = "Infrastructure", "Infrastructure", "{201168C2-B901-4BFB-BB91-A6ADDF0FBA02}"
EndProject
Project("{2150E333-8FDC-42A3-9474-1A3956D46DE8}") = "Data", "Data", "{F4A92527-64A2-47F0-A51D-09BE7172BABF}"
EndProject
Project("{FAE04EC0-301F-11D3-BF4B-00C04F79EFBC}") = "BNP.NYBOSS.Infrastructure.Data", "src\Infrastructure\Data\BNP.NYBOSS.Infrastructure.Data\BNP.NYBOSS.Infrastructure.Data.csproj", "{BFFBC824-6AF8-4C29-A9D5-B933BF434F01}"
EndProject
Project("{2150E333-8FDC-42A3-9474-1A3956D46DE8}") = "Email", "Email", "{556801FF-2882-4CBB-A04D-BFD7E96B841F}"
EndProject
Project("{FAE04EC0-301F-11D3-BF4B-00C04F79EFBC}") = "BNP.NYBOSS.Infrastructure.Email", "src\Infrastructure\Email\BNP.NYBOSS.Infrastructure.Email\BNP.NYBOSS.Infrastructure.Email.csproj", "{8C66FC39-49DB-4BE7-AF9C-42B41FF37292}"
EndProject
Project("{2150E333-8FDC-42A3-9474-1A3956D46DE8}") = "FileStorage", "FileStorage", "{832F6FD9-06EF-429C-886C-26F1AACD20BF}"
EndProject
Project("{FAE04EC0-301F-11D3-BF4B-00C04F79EFBC}") = "BNP.NYBOSS.Infrastructure.FileStorage", "src\Infrastructure\FileStorage\BNP.NYBOSS.Infrastructure.FileStorage\BNP.NYBOSS.Infrastructure.FileStorage.csproj", "{27FA664A-F415-4898-BEBD-52269D965DDF}"
EndProject
Project("{2150E333-8FDC-42A3-9474-1A3956D46DE8}") = "API", "API", "{D5C13CCC-9CD2-47EF-B141-A0260B3817EA}"
EndProject
Project("{FAE04EC0-301F-11D3-BF4B-00C04F79EFBC}") = "BNP.NYBOSS.WorkflowManager.API", "src\API\BNP.NYBOSS.WorkflowManager.API\BNP.NYBOSS.WorkflowManager.API.csproj", "{09A55571-8E91-4323-95FA-915644443F64}"
EndProject
Project("{2150E333-8FDC-42A3-9474-1A3956D46DE8}") = "Messaging", "Messaging", "{F1FF2027-5DB3-49C6-8F43-A1C72ACDFDD1}"
EndProject
Project("{FAE04EC0-301F-11D3-BF4B-00C04F79EFBC}") = "BNP.NYBOSS.Infrastructure.Messaging", "src\Infrastructure\Messaging\BNP.NYBOSS.Infrastructure.Messaging\BNP.NYBOSS.Infrastructure.Messaging.csproj", "{834DC572-54A1-4C5C-9EBD-7E5700B80440}"
EndProject
Global
	GlobalSection(SolutionConfigurationPlatforms) = preSolution
		Debug|Any CPU = Debug|Any CPU
		Release|Any CPU = Release|Any CPU
	EndGlobalSection
	GlobalSection(SolutionProperties) = preSolution
		HideSolutionNode = FALSE
	EndGlobalSection
	GlobalSection(ProjectConfigurationPlatforms) = postSolution
		{6F0B2210-6E0D-4E87-B39B-276CCCB6423C}.Debug|Any CPU.ActiveCfg = Debug|Any CPU
		{6F0B2210-6E0D-4E87-B39B-276CCCB6423C}.Debug|Any CPU.Build.0 = Debug|Any CPU
		{6F0B2210-6E0D-4E87-B39B-276CCCB6423C}.Release|Any CPU.ActiveCfg = Release|Any CPU
		{6F0B2210-6E0D-4E87-B39B-276CCCB6423C}.Release|Any CPU.Build.0 = Release|Any CPU
		{74448697-92B4-4E56-8794-5D853CC66479}.Debug|Any CPU.ActiveCfg = Debug|Any CPU
		{74448697-92B4-4E56-8794-5D853CC66479}.Debug|Any CPU.Build.0 = Debug|Any CPU
		{74448697-92B4-4E56-8794-5D853CC66479}.Release|Any CPU.ActiveCfg = Release|Any CPU
		{74448697-92B4-4E56-8794-5D853CC66479}.Release|Any CPU.Build.0 = Release|Any CPU
		{BFFBC824-6AF8-4C29-A9D5-B933BF434F01}.Debug|Any CPU.ActiveCfg = Debug|Any CPU
		{BFFBC824-6AF8-4C29-A9D5-B933BF434F01}.Debug|Any CPU.Build.0 = Debug|Any CPU
		{BFFBC824-6AF8-4C29-A9D5-B933BF434F01}.Release|Any CPU.ActiveCfg = Release|Any CPU
		{BFFBC824-6AF8-4C29-A9D5-B933BF434F01}.Release|Any CPU.Build.0 = Release|Any CPU
		{8C66FC39-49DB-4BE7-AF9C-42B41FF37292}.Debug|Any CPU.ActiveCfg = Debug|Any CPU
		{8C66FC39-49DB-4BE7-AF9C-42B41FF37292}.Debug|Any CPU.Build.0 = Debug|Any CPU
		{8C66FC39-49DB-4BE7-AF9C-42B41FF37292}.Release|Any CPU.ActiveCfg = Release|Any CPU
		{8C66FC39-49DB-4BE7-AF9C-42B41FF37292}.Release|Any CPU.Build.0 = Release|Any CPU
		{27FA664A-F415-4898-BEBD-52269D965DDF}.Debug|Any CPU.ActiveCfg = Debug|Any CPU
		{27FA664A-F415-4898-BEBD-52269D965DDF}.Debug|Any CPU.Build.0 = Debug|Any CPU
		{27FA664A-F415-4898-BEBD-52269D965DDF}.Release|Any CPU.ActiveCfg = Release|Any CPU
		{27FA664A-F415-4898-BEBD-52269D965DDF}.Release|Any CPU.Build.0 = Release|Any CPU
		{09A55571-8E91-4323-95FA-915644443F64}.Debug|Any CPU.ActiveCfg = Debug|Any CPU
		{09A55571-8E91-4323-95FA-915644443F64}.Debug|Any CPU.Build.0 = Debug|Any CPU
		{09A55571-8E91-4323-95FA-915644443F64}.Release|Any CPU.ActiveCfg = Release|Any CPU
		{09A55571-8E91-4323-95FA-915644443F64}.Release|Any CPU.Build.0 = Release|Any CPU
		{834DC572-54A1-4C5C-9EBD-7E5700B80440}.Debug|Any CPU.ActiveCfg = Debug|Any CPU
		{834DC572-54A1-4C5C-9EBD-7E5700B80440}.Debug|Any CPU.Build.0 = Debug|Any CPU
		{834DC572-54A1-4C5C-9EBD-7E5700B80440}.Release|Any CPU.ActiveCfg = Release|Any CPU
		{834DC572-54A1-4C5C-9EBD-7E5700B80440}.Release|Any CPU.Build.0 = Release|Any CPU
	EndGlobalSection
	GlobalSection(NestedProjects) = preSolution
		{F7A6B594-37FA-4A6B-9A87-CB9D764F4C4C} = {80BDA433-3C35-46C3-AA73-8EADE504FB24}
		{6F0B2210-6E0D-4E87-B39B-276CCCB6423C} = {F7A6B594-37FA-4A6B-9A87-CB9D764F4C4C}
		{F90DA725-E9B8-4BF7-820D-C52A9DDDD69F} = {80BDA433-3C35-46C3-AA73-8EADE504FB24}
		{74448697-92B4-4E56-8794-5D853CC66479} = {F90DA725-E9B8-4BF7-820D-C52A9DDDD69F}
		{201168C2-B901-4BFB-BB91-A6ADDF0FBA02} = {80BDA433-3C35-46C3-AA73-8EADE504FB24}
		{F4A92527-64A2-47F0-A51D-09BE7172BABF} = {201168C2-B901-4BFB-BB91-A6ADDF0FBA02}
		{BFFBC824-6AF8-4C29-A9D5-B933BF434F01} = {F4A92527-64A2-47F0-A51D-09BE7172BABF}
		{556801FF-2882-4CBB-A04D-BFD7E96B841F} = {201168C2-B901-4BFB-BB91-A6ADDF0FBA02}
		{8C66FC39-49DB-4BE7-AF9C-42B41FF37292} = {556801FF-2882-4CBB-A04D-BFD7E96B841F}
		{832F6FD9-06EF-429C-886C-26F1AACD20BF} = {201168C2-B901-4BFB-BB91-A6ADDF0FBA02}
		{27FA664A-F415-4898-BEBD-52269D965DDF} = {832F6FD9-06EF-429C-886C-26F1AACD20BF}
		{D5C13CCC-9CD2-47EF-B141-A0260B3817EA} = {80BDA433-3C35-46C3-AA73-8EADE504FB24}
		{09A55571-8E91-4323-95FA-915644443F64} = {D5C13CCC-9CD2-47EF-B141-A0260B3817EA}
		{F1FF2027-5DB3-49C6-8F43-A1C72ACDFDD1} = {201168C2-B901-4BFB-BB91-A6ADDF0FBA02}
		{834DC572-54A1-4C5C-9EBD-7E5700B80440} = {F1FF2027-5DB3-49C6-8F43-A1C72ACDFDD1}
	EndGlobalSection
EndGlobal
